
Microsoft Visual Studio Solution File, Format Version 12.00
# Visual Studio Version 17
VisualStudioVersion = 17.9.34728.123
MinimumVisualStudioVersion = 10.0.40219.1
Project("{FAE04EC0-301F-11D3-BF4B-00C04F79EFBC}") = "Lab4", "Lab4\Lab4.csproj", "{F2DCA5B8-71B6-4E6B-A644-B8379F1DB304}"
EndProject
Global
	GlobalSection(SolutionConfigurationPlatforms) = preSolution
		Debug|Any CPU = Debug|Any CPU
		Release|Any CPU = Release|Any CPU
	EndGlobalSection
	GlobalSection(ProjectConfigurationPlatforms) = postSolution
		{F2DCA5B8-71B6-4E6B-A644-B8379F1DB304}.Debug|Any CPU.ActiveCfg = Debug|Any CPU
		{F2DCA5B8-71B6-4E6B-A644-B8379F1DB304}.Debug|Any CPU.Build.0 = Debug|Any CPU
		{F2DCA5B8-71B6-4E6B-A644-B8379F1DB304}.Release|Any CPU.ActiveCfg = Release|Any CPU
		{F2DCA5B8-71B6-4E6B-A644-B8379F1DB304}.Release|Any CPU.Build.0 = Release|Any CPU
	EndGlobalSection
	GlobalSection(SolutionProperties) = preSolution
		HideSolutionNode = FALSE
	EndGlobalSection
	GlobalSection(ExtensibilityGlobals) = postSolution
		SolutionGuid = {56F030C8-1AA0-4FE3-BD43-9167F756A853}
	EndGlobalSection
EndGlobal
