
Microsoft Visual Studio Solution File, Format Version 12.00
# Visual Studio Version 17
VisualStudioVersion = 17.9.34728.123
MinimumVisualStudioVersion = 10.0.40219.1
Project("{FAE04EC0-301F-11D3-BF4B-00C04F79EFBC}") = "LAB6", "LAB6\LAB6.csproj", "{DAE1B5F1-A646-45D3-A468-8EA8D17C8E1E}"
EndProject
Global
	GlobalSection(SolutionConfigurationPlatforms) = preSolution
		Debug|Any CPU = Debug|Any CPU
		Release|Any CPU = Release|Any CPU
	EndGlobalSection
	GlobalSection(ProjectConfigurationPlatforms) = postSolution
		{DAE1B5F1-A646-45D3-A468-8EA8D17C8E1E}.Debug|Any CPU.ActiveCfg = Debug|Any CPU
		{DAE1B5F1-A646-45D3-A468-8EA8D17C8E1E}.Debug|Any CPU.Build.0 = Debug|Any CPU
		{DAE1B5F1-A646-45D3-A468-8EA8D17C8E1E}.Release|Any CPU.ActiveCfg = Release|Any CPU
		{DAE1B5F1-A646-45D3-A468-8EA8D17C8E1E}.Release|Any CPU.Build.0 = Release|Any CPU
	EndGlobalSection
	GlobalSection(SolutionProperties) = preSolution
		HideSolutionNode = FALSE
	EndGlobalSection
	GlobalSection(ExtensibilityGlobals) = postSolution
		SolutionGuid = {4EF24A2D-0674-4246-92CB-70B95BB5D08C}
	EndGlobalSection
EndGlobal
